<?xml version="1.0" encoding="utf-8"?>
<Project ToolsVersion="4.0" xmlns="http://schemas.microsoft.com/developer/msbuild/2003">
  <ItemGroup>
    <Filter Include="Source Files">
      <UniqueIdentifier>{4FC737F1-C7A5-4376-A066-2A32D752A2FF}</UniqueIdentifier>
      <Extensions>cpp;c;cc;cxx;def;odl;idl;hpj;bat;asm;asmx</Extensions>
    </Filter>
    <Filter Include="Header Files">
      <UniqueIdentifier>{93995380-89BD-4b04-88EB-625FBE52EBFB}</UniqueIdentifier>
      <Extensions>h;hh;hpp;hxx;hm;inl;inc;ipp;xsd</Extensions>
    </Filter>
    <Filter Include="Resource Files">
      <UniqueIdentifier>{67DA6AB6-F800-4c08-8B7A-83BB121AAD01}</UniqueIdentifier>
      <Extensions>rc;ico;cur;bmp;dlg;rc2;rct;bin;rgs;gif;jpg;jpeg;jpe;resx;tiff;tif;png;wav;mfcribbon-ms</Extensions>
    </Filter>
    <Filter Include="Source Files\shaders">
      <UniqueIdentifier>{97678666-557d-4f0a-a91b-dec3c86e96df}</UniqueIdentifier>
    </Filter>
  </ItemGroup>
  <ItemGroup>
    <ClCompile Include="main.cpp">
      <Filter>Source Files</Filter>
    </ClCompile>
    <ClCompile Include="rub_window.cpp">
      <Filter>Source Files</Filter>
    </ClCompile>
    <ClCompile Include="rub_pipeline.cpp">
      <Filter>Source Files</Filter>
    </ClCompile>
    <ClCompile Include="rub_device.cpp">
      <Filter>Source Files</Filter>
    </ClCompile>
    <ClCompile Include="rub_swap_chain.cpp">
      <Filter>Source Files</Filter>
    </ClCompile>
    <ClCompile Include="rub_model.cpp">
      <Filter>Source Files</Filter>
    </ClCompile>
    <ClCompile Include="rub_app.cpp">
      <Filter>Source Files</Filter>
    </ClCompile>
    <ClCompile Include="rub_renderer.cpp">
      <Filter>Source Files</Filter>
    </ClCompile>
    <ClCompile Include="simple_render_system.cpp">
      <Filter>Source Files</Filter>
    </ClCompile>
    <ClCompile Include="global_descriptor.cpp">
      <Filter>Source Files</Filter>
    </ClCompile>
    <ClCompile Include="rub_texture.cpp">
      <Filter>Source Files</Filter>
    </ClCompile>
    <ClCompile Include="rub_material.cpp">
      <Filter>Source Files</Filter>
    </ClCompile>
    <ClCompile Include="rub_transform.cpp">
      <Filter>Source Files</Filter>
    </ClCompile>
    <ClCompile Include="rub_camera.cpp">
      <Filter>Source Files</Filter>
    </ClCompile>
    <ClCompile Include="rub_cubemap.cpp">
      <Filter>Source Files</Filter>
    </ClCompile>
    <ClCompile Include="rub_scene.cpp">
      <Filter>Source Files</Filter>
    </ClCompile>
    <ClCompile Include="miniz.c">
      <Filter>Source Files</Filter>
    </ClCompile>
    <ClCompile Include="rub_skybox.cpp">
      <Filter>Source Files</Filter>
    </ClCompile>
    <ClCompile Include="rub_compute_shader.cpp">
      <Filter>Source Files</Filter>
    </ClCompile>
  </ItemGroup>
  <ItemGroup>
    <ClInclude Include="rub_swap_chain.hpp">
      <Filter>Header Files</Filter>
    </ClInclude>
    <ClInclude Include="rub_window.hpp">
      <Filter>Header Files</Filter>
    </ClInclude>
    <ClInclude Include="rub_pipeline.hpp">
      <Filter>Header Files</Filter>
    </ClInclude>
    <ClInclude Include="rub_device.hpp">
      <Filter>Header Files</Filter>
    </ClInclude>
    <ClInclude Include="rub_model.hpp">
      <Filter>Header Files</Filter>
    </ClInclude>
    <ClInclude Include="vk_mem_alloc.h">
      <Filter>Header Files</Filter>
    </ClInclude>
    <ClInclude Include="rub_app.hpp">
      <Filter>Header Files</Filter>
    </ClInclude>
    <ClInclude Include="rub_renderer.hpp">
      <Filter>Header Files</Filter>
    </ClInclude>
    <ClInclude Include="simple_render_system.hpp">
      <Filter>Header Files</Filter>
    </ClInclude>
    <ClInclude Include="rub_render_object.hpp">
      <Filter>Header Files</Filter>
    </ClInclude>
    <ClInclude Include="vk_util.hpp">
      <Filter>Header Files</Filter>
    </ClInclude>
    <ClInclude Include="global_descriptor.hpp">
      <Filter>Header Files</Filter>
    </ClInclude>
    <ClInclude Include="stb_image.h">
      <Filter>Header Files</Filter>
    </ClInclude>
    <ClInclude Include="rub_texture.hpp">
      <Filter>Header Files</Filter>
    </ClInclude>
    <ClInclude Include="rub_material.hpp">
      <Filter>Header Files</Filter>
    </ClInclude>
    <ClInclude Include="rub_transform.hpp">
      <Filter>Header Files</Filter>
    </ClInclude>
    <ClInclude Include="rub_camera.hpp">
      <Filter>Header Files</Filter>
    </ClInclude>
    <ClInclude Include="rub_cubemap.hpp">
      <Filter>Header Files</Filter>
    </ClInclude>
    <ClInclude Include="rub_scene.hpp">
      <Filter>Header Files</Filter>
    </ClInclude>
    <ClInclude Include="tinyexr.h">
      <Filter>Header Files</Filter>
    </ClInclude>
    <ClInclude Include="miniz.h">
      <Filter>Header Files</Filter>
    </ClInclude>
    <ClInclude Include="rub_skybox.hpp">
      <Filter>Header Files</Filter>
    </ClInclude>
    <ClInclude Include="rub_compute_shader.hpp">
      <Filter>Header Files</Filter>
    </ClInclude>
  </ItemGroup>
  <ItemGroup>
    <CustomBuild Include="shaders\pbr.frag">
      <Filter>Source Files\shaders</Filter>
    </CustomBuild>
    <CustomBuild Include="shaders\pbr.vert">
      <Filter>Source Files\shaders</Filter>
    </CustomBuild>
    <CustomBuild Include="shaders\cubemap.vert">
      <Filter>Source Files\shaders</Filter>
    </CustomBuild>
    <CustomBuild Include="shaders\equi_to_cube.frag">
      <Filter>Source Files\shaders</Filter>
    </CustomBuild>
    <CustomBuild Include="shaders\skybox.frag">
      <Filter>Source Files\shaders</Filter>
    </CustomBuild>
    <CustomBuild Include="shaders\skybox.vert">
      <Filter>Source Files\shaders</Filter>
    </CustomBuild>
    <CustomBuild Include="shaders\irradiance_convolution.frag">
      <Filter>Source Files\shaders</Filter>
    </CustomBuild>
    <CustomBuild Include="shaders\prefilter.frag">
      <Filter>Source Files\shaders</Filter>
    </CustomBuild>
    <CustomBuild Include="shaders\brdf.comp">
      <Filter>Source Files\shaders</Filter>
    </CustomBuild>
  </ItemGroup>
</Project>